{
  "name": "geonetwork-openapi",
  "version": "4.0.6",
  "lockfileVersion": 2,
  "requires": true,
  "packages": {
    "": {
      "name": "geonetwork-openapi",
      "version": "4.0.6",
      "license": "Unlicense",
      "dependencies": {
        "axios": "^0.21.4"
      },
      "devDependencies": {
        "@types/node": "^12.11.5",
        "typescript": "^3.6.4"
      }
    },
    "node_modules/@types/node": {
      "version": "12.20.37",
      "resolved": "https://registry.npmjs.org/@types/node/-/node-12.20.37.tgz",
      "integrity": "sha512-i1KGxqcvJaLQali+WuypQnXwcplhtNtjs66eNsZpp2P2FL/trJJxx/VWsM0YCL2iMoIJrbXje48lvIQAQ4p2ZA==",
      "dev": true
    },
    "node_modules/axios": {
      "version": "0.21.4",
      "license": "MIT",
      "dependencies": {
        "follow-redirects": "^1.14.0"
      }
    },
    "node_modules/typescript": {
      "version": "3.9.10",
      "dev": true,
      "license": "Apache-2.0",
      "bin": {
        "tsc": "bin/tsc",
        "tsserver": "bin/tsserver"
      },
      "engines": {
        "node": ">=4.2.0"
      }
    }
  },
  "dependencies": {
    "@types/node": {
      "version": "12.20.37",
      "resolved": "https://registry.npmjs.org/@types/node/-/node-12.20.37.tgz",
      "integrity": "sha512-i1KGxqcvJaLQali+WuypQnXwcplhtNtjs66eNsZpp2P2FL/trJJxx/VWsM0YCL2iMoIJrbXje48lvIQAQ4p2ZA==",
      "dev": true
    },
    "axios": {
      "version": "0.21.4",
      "requires": {
        "follow-redirects": "^1.14.0"
      }
    },
    "typescript": {
      "version": "3.9.10",
      "dev": true
    }
  }
}
